
Microsoft Visual Studio Solution File, Format Version 12.00
# Visual Studio Version 16
VisualStudioVersion = 16.0.32002.261
MinimumVisualStudioVersion = 10.0.40219.1
Project("{FAE04EC0-301F-11D3-BF4B-00C04F79EFBC}") = "ConsoleLab6_1", "ConsoleLab6_1\ConsoleLab6_1.csproj", "{51F48627-F58D-4EDD-8F8F-1809DF6E4BA3}"
EndProject
Global
	GlobalSection(SolutionConfigurationPlatforms) = preSolution
		Debug|Any CPU = Debug|Any CPU
		Release|Any CPU = Release|Any CPU
	EndGlobalSection
	GlobalSection(ProjectConfigurationPlatforms) = postSolution
		{51F48627-F58D-4EDD-8F8F-1809DF6E4BA3}.Debug|Any CPU.ActiveCfg = Debug|Any CPU
		{51F48627-F58D-4EDD-8F8F-1809DF6E4BA3}.Debug|Any CPU.Build.0 = Debug|Any CPU
		{51F48627-F58D-4EDD-8F8F-1809DF6E4BA3}.Release|Any CPU.ActiveCfg = Release|Any CPU
		{51F48627-F58D-4EDD-8F8F-1809DF6E4BA3}.Release|Any CPU.Build.0 = Release|Any CPU
	EndGlobalSection
	GlobalSection(SolutionProperties) = preSolution
		HideSolutionNode = FALSE
	EndGlobalSection
	GlobalSection(ExtensibilityGlobals) = postSolution
		SolutionGuid = {A08B119D-C37F-4F96-A572-B3068BD0D370}
	EndGlobalSection
EndGlobal
